
Microsoft Visual Studio Solution File, Format Version 12.00
# Visual Studio Version 17
VisualStudioVersion = 17.10.34916.146
MinimumVisualStudioVersion = 10.0.40219.1
Project("{FAE04EC0-301F-11D3-BF4B-00C04F79EFBC}") = "Zimmetly.API", "Zimmetly.API\Zimmetly.API.csproj", "{0520C91D-2EBA-4ADF-9CF2-E8E7ED92EEEC}"
EndProject
Global
	GlobalSection(SolutionConfigurationPlatforms) = preSolution
		Debug|Any CPU = Debug|Any CPU
		Release|Any CPU = Release|Any CPU
	EndGlobalSection
	GlobalSection(ProjectConfigurationPlatforms) = postSolution
		{0520C91D-2EBA-4ADF-9CF2-E8E7ED92EEEC}.Debug|Any CPU.ActiveCfg = Debug|Any CPU
		{0520C91D-2EBA-4ADF-9CF2-E8E7ED92EEEC}.Debug|Any CPU.Build.0 = Debug|Any CPU
		{0520C91D-2EBA-4ADF-9CF2-E8E7ED92EEEC}.Release|Any CPU.ActiveCfg = Release|Any CPU
		{0520C91D-2EBA-4ADF-9CF2-E8E7ED92EEEC}.Release|Any CPU.Build.0 = Release|Any CPU
	EndGlobalSection
	GlobalSection(SolutionProperties) = preSolution
		HideSolutionNode = FALSE
	EndGlobalSection
	GlobalSection(ExtensibilityGlobals) = postSolution
		SolutionGuid = {CCD5F0D0-F87F-42F9-8865-127DC7A46F73}
	EndGlobalSection
EndGlobal
